// !$*UTF8*$!
{
	archiveVersion = 1;
	classes = {
	};
	objectVersion = 48;
	objects = {

/* Begin PBXBuildFile section */
		9411BAC31FD1CB6700943139 /* TableViewCell.swift in Sources */ = {isa = PBXBuildFile; fileRef = 9411BAC21FD1CB6700943139 /* TableViewCell.swift */; };
		9411BAC51FD1CD1200943139 /* remainder.swift in Sources */ = {isa = PBXBuildFile; fileRef = 9411BAC41FD1CD1100943139 /* remainder.swift */; };
		9411BAC91FD1F84900943139 /* DataBase.swift in Sources */ = {isa = PBXBuildFile; fileRef = 9411BAC81FD1F84900943139 /* DataBase.swift */; };
		9411BACB1FD1F9E300943139 /* RemainderViewController.swift in Sources */ = {isa = PBXBuildFile; fileRef = 9411BACA1FD1F9E300943139 /* RemainderViewController.swift */; };
		94AB1E551FD1AAA30047FFFA /* AppDelegate.swift in Sources */ = {isa = PBXBuildFile; fileRef = 94AB1E541FD1AAA30047FFFA /* AppDelegate.swift */; };
		94AB1E571FD1AAA30047FFFA /* ViewController.swift in Sources */ = {isa = PBXBuildFile; fileRef = 94AB1E561FD1AAA30047FFFA /* ViewController.swift */; };
		94AB1E5A1FD1AAA30047FFFA /* Main.storyboard in Resources */ = {isa = PBXBuildFile; fileRef = 94AB1E581FD1AAA30047FFFA /* Main.storyboard */; };
		94AB1E5C1FD1AAA30047FFFA /* Assets.xcassets in Resources */ = {isa = PBXBuildFile; fileRef = 94AB1E5B1FD1AAA30047FFFA /* Assets.xcassets */; };
		94AB1E5F1FD1AAA30047FFFA /* LaunchScreen.storyboard in Resources */ = {isa = PBXBuildFile; fileRef = 94AB1E5D1FD1AAA30047FFFA /* LaunchScreen.storyboard */; };
/* End PBXBuildFile section */

/* Begin PBXFileReference section */
		9411BAC21FD1CB6700943139 /* TableViewCell.swift */ = {isa = PBXFileReference; lastKnownFileType = sourcecode.swift; path = TableViewCell.swift; sourceTree = "<group>"; };
		9411BAC41FD1CD1100943139 /* remainder.swift */ = {isa = PBXFileReference; fileEncoding = 4; lastKnownFileType = sourcecode.swift; name = remainder.swift; path = ../../../Datakit/Datakit/remainder.swift; sourceTree = "<group>"; };
		9411BAC81FD1F84900943139 /* DataBase.swift */ = {isa = PBXFileReference; lastKnownFileType = sourcecode.swift; path = DataBase.swift; sourceTree = "<group>"; };
		9411BACA1FD1F9E300943139 /* RemainderViewController.swift */ = {isa = PBXFileReference; lastKnownFileType = sourcecode.swift; path = RemainderViewController.swift; sourceTree = "<group>"; };
		94AB1E511FD1AAA30047FFFA /* Remainder.app */ = {isa = PBXFileReference; explicitFileType = wrapper.application; includeInIndex = 0; path = Remainder.app; sourceTree = BUILT_PRODUCTS_DIR; };
		94AB1E541FD1AAA30047FFFA /* AppDelegate.swift */ = {isa = PBXFileReference; lastKnownFileType = sourcecode.swift; path = AppDelegate.swift; sourceTree = "<group>"; };
		94AB1E561FD1AAA30047FFFA /* ViewController.swift */ = {isa = PBXFileReference; lastKnownFileType = sourcecode.swift; path = ViewController.swift; sourceTree = "<group>"; };
		94AB1E591FD1AAA30047FFFA /* Base */ = {isa = PBXFileReference; lastKnownFileType = file.storyboard; name = Base; path = Base.lproj/Main.storyboard; sourceTree = "<group>"; };
		94AB1E5B1FD1AAA30047FFFA /* Assets.xcassets */ = {isa = PBXFileReference; lastKnownFileType = folder.assetcatalog; path = Assets.xcassets; sourceTree = "<group>"; };
		94AB1E5E1FD1AAA30047FFFA /* Base */ = {isa = PBXFileReference; lastKnownFileType = file.storyboard; name = Base; path = Base.lproj/LaunchScreen.storyboard; sourceTree = "<group>"; };
		94AB1E601FD1AAA30047FFFA /* Info.plist */ = {isa = PBXFileReference; lastKnownFileType = text.plist.xml; path = Info.plist; sourceTree = "<group>"; };
/* End PBXFileReference section */

/* Begin PBXFrameworksBuildPhase section */
		94AB1E4E1FD1AAA30047FFFA /* Frameworks */ = {
			isa = PBXFrameworksBuildPhase;
			buildActionMask = 2147483647;
			files = (
			);
			runOnlyForDeploymentPostprocessing = 0;
		};
/* End PBXFrameworksBuildPhase section */

/* Begin PBXGroup section */
		94AB1E481FD1AAA30047FFFA = {
			isa = PBXGroup;
			children = (
				94AB1E531FD1AAA30047FFFA /* Remainder */,
				94AB1E521FD1AAA30047FFFA /* Products */,
			);
			sourceTree = "<group>";
		};
		94AB1E521FD1AAA30047FFFA /* Products */ = {
			isa = PBXGroup;
			children = (
				94AB1E511FD1AAA30047FFFA /* Remainder.app */,
			);
			name = Products;
			sourceTree = "<group>";
		};
		94AB1E531FD1AAA30047FFFA /* Remainder */ = {
			isa = PBXGroup;
			children = (
				94AB1E681FD1ABA90047FFFA /* SupportFiles */,
				94AB1E561FD1AAA30047FFFA /* ViewController.swift */,
				94AB1E581FD1AAA30047FFFA /* Main.storyboard */,
				9411BAC41FD1CD1100943139 /* remainder.swift */,
				9411BAC21FD1CB6700943139 /* TableViewCell.swift */,
				9411BAC81FD1F84900943139 /* DataBase.swift */,
				9411BACA1FD1F9E300943139 /* RemainderViewController.swift */,
			);
			path = Remainder;
			sourceTree = "<group>";
		};
		94AB1E681FD1ABA90047FFFA /* SupportFiles */ = {
			isa = PBXGroup;
			children = (
				94AB1E5D1FD1AAA30047FFFA /* LaunchScreen.storyboard */,
				94AB1E601FD1AAA30047FFFA /* Info.plist */,
				94AB1E541FD1AAA30047FFFA /* AppDelegate.swift */,
				94AB1E5B1FD1AAA30047FFFA /* Assets.xcassets */,
			);
			name = SupportFiles;
			sourceTree = "<group>";
		};
/* End PBXGroup section */

/* Begin PBXNativeTarget section */
		94AB1E501FD1AAA30047FFFA /* Remainder */ = {
			isa = PBXNativeTarget;
			buildConfigurationList = 94AB1E631FD1AAA30047FFFA /* Build configuration list for PBXNativeTarget "Remainder" */;
			buildPhases = (
				94AB1E4D1FD1AAA30047FFFA /* Sources */,
				94AB1E4E1FD1AAA30047FFFA /* Frameworks */,
				94AB1E4F1FD1AAA30047FFFA /* Resources */,
			);
			buildRules = (
			);
			dependencies = (
			);
			name = Remainder;
			productName = Remainder;
			productReference = 94AB1E511FD1AAA30047FFFA /* Remainder.app */;
			productType = "com.apple.product-type.application";
		};
/* End PBXNativeTarget section */

/* Begin PBXProject section */
		94AB1E491FD1AAA30047FFFA /* Project object */ = {
			isa = PBXProject;
			attributes = {
				LastSwiftUpdateCheck = 0910;
				LastUpgradeCheck = 0910;
				ORGANIZATIONNAME = "Aloc SP06447";
				TargetAttributes = {
					94AB1E501FD1AAA30047FFFA = {
						CreatedOnToolsVersion = 9.1;
						ProvisioningStyle = Automatic;
					};
				};
			};
			buildConfigurationList = 94AB1E4C1FD1AAA30047FFFA /* Build configuration list for PBXProject "Remainder" */;
			compatibilityVersion = "Xcode 8.0";
			developmentRegion = en;
			hasScannedForEncodings = 0;
			knownRegions = (
				en,
				Base,
			);
			mainGroup = 94AB1E481FD1AAA30047FFFA;
			productRefGroup = 94AB1E521FD1AAA30047FFFA /* Products */;
			projectDirPath = "";
			projectRoot = "";
			targets = (
				94AB1E501FD1AAA30047FFFA /* Remainder */,
			);
		};
/* End PBXProject section */

/* Begin PBXResourcesBuildPhase section */
		94AB1E4F1FD1AAA30047FFFA /* Resources */ = {
			isa = PBXResourcesBuildPhase;
			buildActionMask = 2147483647;
			files = (
				94AB1E5F1FD1AAA30047FFFA /* LaunchScreen.storyboard in Resources */,
				94AB1E5C1FD1AAA30047FFFA /* Assets.xcassets in Resources */,
				94AB1E5A1FD1AAA30047FFFA /* Main.storyboard in Resources */,
			);
			runOnlyForDeploymentPostprocessing = 0;
		};
/* End PBXResourcesBuildPhase section */

/* Begin PBXSourcesBuildPhase section */
		94AB1E4D1FD1AAA30047FFFA /* Sources */ = {
			isa = PBXSourcesBuildPhase;
			buildActionMask = 2147483647;
			files = (
				9411BAC91FD1F84900943139 /* DataBase.swift in Sources */,
				9411BAC31FD1CB6700943139 /* TableViewCell.swift in Sources */,
				9411BAC51FD1CD1200943139 /* remainder.swift in Sources */,
				94AB1E571FD1AAA30047FFFA /* ViewController.swift in Sources */,
				9411BACB1FD1F9E300943139 /* RemainderViewController.swift in Sources */,
				94AB1E551FD1AAA30047FFFA /* AppDelegate.swift in Sources */,
			);
			runOnlyForDeploymentPostprocessing = 0;
		};
/* End PBXSourcesBuildPhase section */

/* Begin PBXVariantGroup section */
		94AB1E581FD1AAA30047FFFA /* Main.storyboard */ = {
			isa = PBXVariantGroup;
			children = (
				94AB1E591FD1AAA30047FFFA /* Base */,
			);
			name = Main.storyboard;
			sourceTree = "<group>";
		};
		94AB1E5D1FD1AAA30047FFFA /* LaunchScreen.storyboard */ = {
			isa = PBXVariantGroup;
			children = (
				94AB1E5E1FD1AAA30047FFFA /* Base */,
			);
			name = LaunchScreen.storyboard;
			sourceTree = "<group>";
		};
/* End PBXVariantGroup section */

/* Begin XCBuildConfiguration section */
		94AB1E611FD1AAA30047FFFA /* Debug */ = {
			isa = XCBuildConfiguration;
			buildSettings = {
				ALWAYS_SEARCH_USER_PATHS = NO;
				CLANG_ANALYZER_NONNULL = YES;
				CLANG_ANALYZER_NUMBER_OBJECT_CONVERSION = YES_AGGRESSIVE;
				CLANG_CXX_LANGUAGE_STANDARD = "gnu++14";
				CLANG_CXX_LIBRARY = "libc++";
				CLANG_ENABLE_MODULES = YES;
				CLANG_ENABLE_OBJC_ARC = YES;
				CLANG_WARN_BLOCK_CAPTURE_AUTORELEASING = YES;
				CLANG_WARN_BOOL_CONVERSION = YES;
				CLANG_WARN_COMMA = YES;
				CLANG_WARN_CONSTANT_CONVERSION = YES;
				CLANG_WARN_DIRECT_OBJC_ISA_USAGE = YES_ERROR;
				CLANG_WARN_DOCUMENTATION_COMMENTS = YES;
				CLANG_WARN_EMPTY_BODY = YES;
				CLANG_WARN_ENUM_CONVERSION = YES;
				CLANG_WARN_INFINITE_RECURSION = YES;
				CLANG_WARN_INT_CONVERSION = YES;
				CLANG_WARN_NON_LITERAL_NULL_CONVERSION = YES;
				CLANG_WARN_OBJC_LITERAL_CONVERSION = YES;
				CLANG_WARN_OBJC_ROOT_CLASS = YES_ERROR;
				CLANG_WARN_RANGE_LOOP_ANALYSIS = YES;
				CLANG_WARN_STRICT_PROTOTYPES = YES;
				CLANG_WARN_SUSPICIOUS_MOVE = YES;
				CLANG_WARN_UNGUARDED_AVAILABILITY = YES_AGGRESSIVE;
				CLANG_WARN_UNREACHABLE_CODE = YES;
				CLANG_WARN__DUPLICATE_METHOD_MATCH = YES;
				CODE_SIGN_IDENTITY = "iPhone Developer";
				COPY_PHASE_STRIP = NO;
				DEBUG_INFORMATION_FORMAT = dwarf;
				ENABLE_STRICT_OBJC_MSGSEND = YES;
				ENABLE_TESTABILITY = YES;
				GCC_C_LANGUAGE_STANDARD = gnu11;
				GCC_DYNAMIC_NO_PIC = NO;
				GCC_NO_COMMON_BLOCKS = YES;
				GCC_OPTIMIZATION_LEVEL = 0;
				GCC_PREPROCESSOR_DEFINITIONS = (
					"DEBUG=1",
					"$(inherited)",
				);
				GCC_WARN_64_TO_32_BIT_CONVERSION = YES;
				GCC_WARN_ABOUT_RETURN_TYPE = YES_ERROR;
				GCC_WARN_UNDECLARED_SELECTOR = YES;
				GCC_WARN_UNINITIALIZED_AUTOS = YES_AGGRESSIVE;
				GCC_WARN_UNUSED_FUNCTION = YES;
				GCC_WARN_UNUSED_VARIABLE = YES;
				IPHONEOS_DEPLOYMENT_TARGET = 11.1;
				MTL_ENABLE_DEBUG_INFO = YES;
				ONLY_ACTIVE_ARCH = YES;
				SDKROOT = iphoneos;
				SWIFT_ACTIVE_COMPILATION_CONDITIONS = DEBUG;
				SWIFT_OPTIMIZATION_LEVEL = "-Onone";
			};
			name = Debug;
		};
		94AB1E621FD1AAA30047FFFA /* Release */ = {
			isa = XCBuildConfiguration;
			buildSettings = {
				ALWAYS_SEARCH_USER_PATHS = NO;
				CLANG_ANALYZER_NONNULL = YES;
				CLANG_ANALYZER_NUMBER_OBJECT_CONVERSION = YES_AGGRESSIVE;
				CLANG_CXX_LANGUAGE_STANDARD = "gnu++14";
				CLANG_CXX_LIBRARY = "libc++";
				CLANG_ENABLE_MODULES = YES;
				CLANG_ENABLE_OBJC_ARC = YES;
				CLANG_WARN_BLOCK_CAPTURE_AUTORELEASING = YES;
				CLANG_WARN_BOOL_CONVERSION = YES;
				CLANG_WARN_COMMA = YES;
				CLANG_WARN_CONSTANT_CONVERSION = YES;
				CLANG_WARN_DIRECT_OBJC_ISA_USAGE = YES_ERROR;
				CLANG_WARN_DOCUMENTATION_COMMENTS = YES;
				CLANG_WARN_EMPTY_BODY = YES;
				CLANG_WARN_ENUM_CONVERSION = YES;
				CLANG_WARN_INFINITE_RECURSION = YES;
				CLANG_WARN_INT_CONVERSION = YES;
				CLANG_WARN_NON_LITERAL_NULL_CONVERSION = YES;
				CLANG_WARN_OBJC_LITERAL_CONVERSION = YES;
				CLANG_WARN_OBJC_ROOT_CLASS = YES_ERROR;
				CLANG_WARN_RANGE_LOOP_ANALYSIS = YES;
				CLANG_WARN_STRICT_PROTOTYPES = YES;
				CLANG_WARN_SUSPICIOUS_MOVE = YES;
				CLANG_WARN_UNGUARDED_AVAILABILITY = YES_AGGRESSIVE;
				CLANG_WARN_UNREACHABLE_CODE = YES;
				CLANG_WARN__DUPLICATE_METHOD_MATCH = YES;
				CODE_SIGN_IDENTITY = "iPhone Developer";
				COPY_PHASE_STRIP = NO;
				DEBUG_INFORMATION_FORMAT = "dwarf-with-dsym";
				ENABLE_NS_ASSERTIONS = NO;
				ENABLE_STRICT_OBJC_MSGSEND = YES;
				GCC_C_LANGUAGE_STANDARD = gnu11;
				GCC_NO_COMMON_BLOCKS = YES;
				GCC_WARN_64_TO_32_BIT_CONVERSION = YES;
				GCC_WARN_ABOUT_RETURN_TYPE = YES_ERROR;
				GCC_WARN_UNDECLARED_SELECTOR = YES;
				GCC_WARN_UNINITIALIZED_AUTOS = YES_AGGRESSIVE;
				GCC_WARN_UNUSED_FUNCTION = YES;
				GCC_WARN_UNUSED_VARIABLE = YES;
				IPHONEOS_DEPLOYMENT_TARGET = 11.1;
				MTL_ENABLE_DEBUG_INFO = NO;
				SDKROOT = iphoneos;
				SWIFT_OPTIMIZATION_LEVEL = "-Owholemodule";
				VALIDATE_PRODUCT = YES;
			};
			name = Release;
		};
		94AB1E641FD1AAA30047FFFA /* Debug */ = {
			isa = XCBuildConfiguration;
			buildSettings = {
				ASSETCATALOG_COMPILER_APPICON_NAME = AppIcon;
				CODE_SIGN_STYLE = Automatic;
				INFOPLIST_FILE = Remainder/Info.plist;
				LD_RUNPATH_SEARCH_PATHS = "$(inherited) @executable_path/Frameworks";
				PRODUCT_BUNDLE_IDENTIFIER = br.com.scopus.beleli.Remainder;
				PRODUCT_NAME = "$(TARGET_NAME)";
				SWIFT_VERSION = 4.0;
				TARGETED_DEVICE_FAMILY = "1,2";
			};
			name = Debug;
		};
		94AB1E651FD1AAA30047FFFA /* Release */ = {
			isa = XCBuildConfiguration;
			buildSettings = {
				ASSETCATALOG_COMPILER_APPICON_NAME = AppIcon;
				CODE_SIGN_STYLE = Automatic;
				INFOPLIST_FILE = Remainder/Info.plist;
				LD_RUNPATH_SEARCH_PATHS = "$(inherited) @executable_path/Frameworks";
				PRODUCT_BUNDLE_IDENTIFIER = br.com.scopus.beleli.Remainder;
				PRODUCT_NAME = "$(TARGET_NAME)";
				SWIFT_VERSION = 4.0;
				TARGETED_DEVICE_FAMILY = "1,2";
			};
			name = Release;
		};
/* End XCBuildConfiguration section */

/* Begin XCConfigurationList section */
		94AB1E4C1FD1AAA30047FFFA /* Build configuration list for PBXProject "Remainder" */ = {
			isa = XCConfigurationList;
			buildConfigurations = (
				94AB1E611FD1AAA30047FFFA /* Debug */,
				94AB1E621FD1AAA30047FFFA /* Release */,
			);
			defaultConfigurationIsVisible = 0;
			defaultConfigurationName = Release;
		};
		94AB1E631FD1AAA30047FFFA /* Build configuration list for PBXNativeTarget "Remainder" */ = {
			isa = XCConfigurationList;
			buildConfigurations = (
				94AB1E641FD1AAA30047FFFA /* Debug */,
				94AB1E651FD1AAA30047FFFA /* Release */,
			);
			defaultConfigurationIsVisible = 0;
			defaultConfigurationName = Release;
		};
/* End XCConfigurationList section */
	};
	rootObject = 94AB1E491FD1AAA30047FFFA /* Project object */;
}
